{
  "version": 4,
  "terraform_version": "1.7.5",
  "serial": 7,
  "lineage": "67067168-819f-cad4-398b-7a577530c090",
  "outputs": {
    "kubernetes_cluster_host": {
      "value": "34.141.193.105",
      "type": "string"
    },
    "kubernetes_cluster_name": {
      "value": "mlopsllm-gke",
      "type": "string"
    },
    "project_id": {
      "value": "mlopsllm",
      "type": "string"
    },
    "region": {
      "value": "europe-west4-a",
      "type": "string"
    }
  },
  "resources": [
    {
      "mode": "managed",
      "type": "google_container_cluster",
      "name": "primary",
      "provider": "provider[\"registry.terraform.io/hashicorp/google\"]",
      "instances": [
        {
          "schema_version": 1,
          "attributes": {
            "addons_config": [
              {
                "cloudrun_config": [],
                "config_connector_config": [],
                "dns_cache_config": [],
                "gce_persistent_disk_csi_driver_config": [
                  {
                    "enabled": true
                  }
                ],
                "gcp_filestore_csi_driver_config": [],
                "gcs_fuse_csi_driver_config": [],
                "gke_backup_agent_config": [],
                "horizontal_pod_autoscaling": [],
                "http_load_balancing": [],
                "network_policy_config": [
                  {
                    "disabled": true
                  }
                ]
              }
            ],
            "allow_net_admin": null,
            "authenticator_groups_config": [],
            "binary_authorization": [
              {
                "enabled": false,
                "evaluation_mode": ""
              }
            ],
            "cluster_autoscaling": [
              {
                "auto_provisioning_defaults": [],
                "enabled": false,
                "resource_limits": []
              }
            ],
            "cluster_ipv4_cidr": "10.104.0.0/14",
            "confidential_nodes": [],
            "cost_management_config": [],
            "database_encryption": [
              {
                "key_name": "",
                "state": "DECRYPTED"
              }
            ],
            "datapath_provider": "",
            "default_max_pods_per_node": null,
            "default_snat_status": [
              {
                "disabled": false
              }
            ],
            "description": "",
            "dns_config": [],
            "enable_autopilot": false,
            "enable_binary_authorization": false,
            "enable_intranode_visibility": false,
            "enable_k8s_beta_apis": [],
            "enable_kubernetes_alpha": false,
            "enable_l4_ilb_subsetting": false,
            "enable_legacy_abac": false,
            "enable_shielded_nodes": true,
            "enable_tpu": false,
            "endpoint": "34.141.193.105",
            "gateway_api_config": [],
            "id": "projects/mlopsllm/locations/europe-west4-a/clusters/mlopsllm-gke",
            "initial_node_count": 1,
            "ip_allocation_policy": [],
            "label_fingerprint": "a9dc16a7",
            "location": "europe-west4-a",
            "logging_config": [
              {
                "enable_components": [
                  "SYSTEM_COMPONENTS",
                  "WORKLOADS"
                ]
              }
            ],
            "logging_service": "logging.googleapis.com/kubernetes",
            "maintenance_policy": [],
            "master_auth": [
              {
                "client_certificate": "",
                "client_certificate_config": [
                  {
                    "issue_client_certificate": false
                  }
                ],
                "client_key": "",
                "cluster_ca_certificate": "LS0tLS1CRUdJTiBDRVJUSUZJQ0FURS0tLS0tCk1JSUVMVENDQXBXZ0F3SUJBZ0lSQUpGODkzUk56eTBZVWR3VnJ3SDlIcmd3RFFZSktvWklodmNOQVFFTEJRQXcKTHpFdE1Dc0dBMVVFQXhNa09XRmhNekZtTVRBdFpXUTNaQzAwTldNeExXRTNaVEF0WlRWaFpUTmtNVFk1TlRnegpNQ0FYRFRJME1EZ3hNakU0TXpreE1sb1lEekl3TlRRd09EQTFNVGt6T1RFeVdqQXZNUzB3S3dZRFZRUURFeVE1CllXRXpNV1l4TUMxbFpEZGtMVFExWXpFdFlUZGxNQzFsTldGbE0yUXhOamsxT0RNd2dnR2lNQTBHQ1NxR1NJYjMKRFFFQkFRVUFBNElCandBd2dnR0tBb0lCZ1FDandJWVE1dFAvdzVzVXFCQ1VucmkyWlh4K0R5ekZ6SE5lYUhwZApsVEx0WjVEa1I0bS9TbzNvOXdiSU16YVZPbkJoN2pMQ1JtODFIZzJVOVkyN256SzFCSGtPcTl0NFpYa1ZHTDZBCkVHRHZNVU9ueGxsTUZkc3MzOW56NDZ2U3BrRVFBUlRMdk5NbHgrVXluUVBPMmw1aFVHbkVEQlRWVHlvUzY4NjgKcGJmOFp3eFp2ODFGMXlSejFVa3NiOFhFSGlIaXVpVVl6WVZCM0VTMWEydXo2NVdWaDdIOUpVY1lpVkpwQ2tjWgpHOHRJcDVNU3VZZG15RHdWeDIvZWRSUFQyR01KNS8wc3h4dThtTDhRaUJ3YmUreTBhc2hzMnZQTWt1ZW5JamtOCk1nbm80QTJ2OFVyeG5kZkVnL2NZRk9zbFVabXJOaFd0cytpKzJGKzV2QStwaDQwSFBCLzJ5N21EdzZxWHY3RUcKNUFmOVdZRzJqbHJ0dlNDZFRnaFhZVHdBdThlWFR0NVNrMzh2a055SU9lS3lMNEpoM1pIQko5cHlJUFRNQzhsQgp3TUNOSytRdVJ6RlNZZlVPNlVKbjVCS1c4MEhUcVFWWVdPOTZnZnE5eEs5azlUUjNmM1dyTGlwaHRIZHgvZzFRCnpEVDd2dER1d0RYODU4YXlSL3JXWWxPdkxTY0NBd0VBQWFOQ01FQXdEZ1lEVlIwUEFRSC9CQVFEQWdJRU1BOEcKQTFVZEV3RUIvd1FGTUFNQkFmOHdIUVlEVlIwT0JCWUVGTHpPS29pbzdEaUJNU3B5cngrYy8xSmo4RDV1TUEwRwpDU3FHU0liM0RRRUJDd1VBQTRJQmdRQWZ0QjdxUXpBREp2cVdTTGd1dDBsZTh2bmN1MGFJNEhKbkNjMnkwYkdZCmc4Y1N0S29sZHFhNjNkMGQxaGlqZU9vaEZudS9INnBXbE5DbkkvZ1lya2lSbENhd2RqNTBWc2NiajM1NkdQdnkKN2VJRHZ3aVd6QnhhbGQ4eWpYdTQwUklvSElWdit6T0dpWWU2Y1lkbUVsTDJoZXFhQ0VMaUlQN3NTRkRrSUNZegprRGlnZW5ncGN2dHR3U2pmWmVUQ1J1NzB1Zkt2QllwWlU1MVI2WmEzY1FScmJ0azFXb2NNaktUejdlZkRDdzFDCjNhMzFQMVZmTTg4elM3MDdENlZqNUxKWjl1R2RmM2FWdTNIcDVDaVk0VFN3bHpRcFVQcGhsd2JUNmJldCtyQXoKZTN4TUNsZVlmdEwwT3lhRjlCN0xNRExaayszbzRFVzZhaUN3ejRwcmd5TktlemRjRUNoelRkS0MwMGI1VlNyYwprM1NOQU01cklLTmRJLzkwQmRkdXEyOFA0c0hvdjlZbWwycHErTUFFVW9vSm5YNGZaT0dGbmRiL1lOS3A2NXFvCitVVWJoYmYvSGVyYlVCbnFqVm8vMDNHUWgxRmtvWjZxdjZMSGJjYWxaUjdqdk5uYmpWZk54RXoyUTQycWhvTkMKTnliTjA1QmV5K3JwR3pLVmFDc0hUQXc9Ci0tLS0tRU5EIENFUlRJRklDQVRFLS0tLS0K"
              }
            ],
            "master_authorized_networks_config": [],
            "master_version": "1.29.6-gke.1326000",
            "mesh_certificates": [],
            "min_master_version": null,
            "monitoring_config": [
              {
                "advanced_datapath_observability_config": [
                  {
                    "enable_metrics": false,
                    "relay_mode": ""
                  }
                ],
                "enable_components": [
                  "SYSTEM_COMPONENTS",
                  "DEPLOYMENT",
                  "STATEFULSET",
                  "STORAGE",
                  "HPA",
                  "POD",
                  "DAEMONSET",
                  "CADVISOR",
                  "KUBELET"
                ],
                "managed_prometheus": [
                  {
                    "enabled": true
                  }
                ]
              }
            ],
            "monitoring_service": "monitoring.googleapis.com/kubernetes",
            "name": "mlopsllm-gke",
            "network": "projects/mlopsllm/global/networks/default",
            "network_policy": [
              {
                "enabled": false,
                "provider": "PROVIDER_UNSPECIFIED"
              }
            ],
            "networking_mode": "ROUTES",
            "node_config": [],
            "node_locations": [],
            "node_pool": [],
            "node_pool_defaults": [
              {
                "node_config_defaults": [
                  {
                    "logging_variant": "DEFAULT"
                  }
                ]
              }
            ],
            "node_version": "1.29.6-gke.1326000",
            "notification_config": [
              {
                "pubsub": [
                  {
                    "enabled": false,
                    "filter": [],
                    "topic": ""
                  }
                ]
              }
            ],
            "operation": null,
            "private_cluster_config": [
              {
                "enable_private_endpoint": false,
                "enable_private_nodes": false,
                "master_global_access_config": [
                  {
                    "enabled": false
                  }
                ],
                "master_ipv4_cidr_block": "",
                "peering_name": "",
                "private_endpoint": "10.164.0.5",
                "private_endpoint_subnetwork": "",
                "public_endpoint": "34.141.193.105"
              }
            ],
            "private_ipv6_google_access": "",
            "project": "mlopsllm",
            "release_channel": [
              {
                "channel": "REGULAR"
              }
            ],
            "remove_default_node_pool": true,
            "resource_labels": null,
            "resource_usage_export_config": [],
            "security_posture_config": [
              {
                "mode": "BASIC",
                "vulnerability_mode": "VULNERABILITY_MODE_UNSPECIFIED"
              }
            ],
            "self_link": "https://container.googleapis.com/v1/projects/mlopsllm/zones/europe-west4-a/clusters/mlopsllm-gke",
            "service_external_ips_config": [
              {
                "enabled": false
              }
            ],
            "services_ipv4_cidr": "10.107.240.0/20",
            "subnetwork": "projects/mlopsllm/regions/europe-west4/subnetworks/default",
            "timeouts": null,
            "tpu_ipv4_cidr_block": "",
            "vertical_pod_autoscaling": [],
            "workload_identity_config": []
          },
          "sensitive_attributes": [],
          "private": "eyJlMmJmYjczMC1lY2FhLTExZTYtOGY4OC0zNDM2M2JjN2M0YzAiOnsiY3JlYXRlIjoyNDAwMDAwMDAwMDAwLCJkZWxldGUiOjI0MDAwMDAwMDAwMDAsInJlYWQiOjI0MDAwMDAwMDAwMDAsInVwZGF0ZSI6MzYwMDAwMDAwMDAwMH0sInNjaGVtYV92ZXJzaW9uIjoiMSJ9"
        }
      ]
    },
    {
      "mode": "managed",
      "type": "google_container_node_pool",
      "name": "primary_preemptible_nodes",
      "provider": "provider[\"registry.terraform.io/hashicorp/google\"]",
      "instances": [
        {
          "schema_version": 1,
          "attributes": {
            "autoscaling": [],
            "cluster": "mlopsllm-gke",
            "id": "projects/mlopsllm/locations/europe-west4-a/clusters/mlopsllm-gke/nodePools/node-pool",
            "initial_node_count": 1,
            "instance_group_urls": [
              "https://www.googleapis.com/compute/v1/projects/mlopsllm/zones/europe-west4-a/instanceGroupManagers/gke-mlopsllm-gke-node-pool-4aaaab35-grp"
            ],
            "location": "europe-west4-a",
            "managed_instance_group_urls": [
              "https://www.googleapis.com/compute/v1/projects/mlopsllm/zones/europe-west4-a/instanceGroups/gke-mlopsllm-gke-node-pool-4aaaab35-grp"
            ],
            "management": [
              {
                "auto_repair": true,
                "auto_upgrade": true
              }
            ],
            "max_pods_per_node": null,
            "name": "node-pool",
            "name_prefix": "",
            "network_config": [],
            "node_config": [
              {
                "advanced_machine_features": [],
                "boot_disk_kms_key": "",
                "disk_size_gb": 100,
                "disk_type": "pd-balanced",
                "ephemeral_storage_local_ssd_config": [],
                "gcfs_config": [],
                "guest_accelerator": [],
                "gvnic": [],
                "host_maintenance_policy": [],
                "image_type": "COS_CONTAINERD",
                "kubelet_config": [],
                "labels": {},
                "linux_node_config": [],
                "local_nvme_ssd_block_config": [],
                "local_ssd_count": 0,
                "logging_variant": "DEFAULT",
                "machine_type": "e2-standard-4",
                "metadata": {
                  "disable-legacy-endpoints": "true"
                },
                "min_cpu_platform": "",
                "node_group": "",
                "oauth_scopes": [
                  "https://www.googleapis.com/auth/devstorage.read_only",
                  "https://www.googleapis.com/auth/logging.write",
                  "https://www.googleapis.com/auth/monitoring",
                  "https://www.googleapis.com/auth/service.management.readonly",
                  "https://www.googleapis.com/auth/servicecontrol",
                  "https://www.googleapis.com/auth/trace.append"
                ],
                "preemptible": true,
                "reservation_affinity": [],
                "resource_labels": null,
                "service_account": "default",
                "shielded_instance_config": [
                  {
                    "enable_integrity_monitoring": true,
                    "enable_secure_boot": false
                  }
                ],
                "sole_tenant_config": [],
                "spot": false,
                "tags": null,
                "taint": [],
                "workload_metadata_config": []
              }
            ],
            "node_count": 1,
            "node_locations": [
              "europe-west4-a"
            ],
            "operation": null,
            "placement_policy": [],
            "project": "mlopsllm",
            "timeouts": null,
            "upgrade_settings": [
              {
                "blue_green_settings": [],
                "max_surge": 1,
                "max_unavailable": 0,
                "strategy": "SURGE"
              }
            ],
            "version": "1.29.6-gke.1326000"
          },
          "sensitive_attributes": [],
          "private": "eyJlMmJmYjczMC1lY2FhLTExZTYtOGY4OC0zNDM2M2JjN2M0YzAiOnsiY3JlYXRlIjoxODAwMDAwMDAwMDAwLCJkZWxldGUiOjE4MDAwMDAwMDAwMDAsInVwZGF0ZSI6MTgwMDAwMDAwMDAwMH0sInNjaGVtYV92ZXJzaW9uIjoiMSJ9",
          "dependencies": [
            "google_container_cluster.primary"
          ]
        }
      ]
    }
  ],
  "check_results": null
}
