{
  "version": 4,
  "terraform_version": "1.7.5",
  "serial": 4,
  "lineage": "67067168-819f-cad4-398b-7a577530c090",
  "outputs": {
    "kubernetes_cluster_host": {
      "value": "34.147.66.200",
      "type": "string"
    },
    "kubernetes_cluster_name": {
      "value": "mlopsllm-gke",
      "type": "string"
    },
    "project_id": {
      "value": "mlopsllm",
      "type": "string"
    },
    "region": {
      "value": "europe-west4-a",
      "type": "string"
    }
  },
  "resources": [
    {
      "mode": "managed",
      "type": "google_container_cluster",
      "name": "primary",
      "provider": "provider[\"registry.terraform.io/hashicorp/google\"]",
      "instances": [
        {
          "schema_version": 1,
          "attributes": {
            "addons_config": [
              {
                "cloudrun_config": [],
                "config_connector_config": [],
                "dns_cache_config": [],
                "gce_persistent_disk_csi_driver_config": [
                  {
                    "enabled": true
                  }
                ],
                "gcp_filestore_csi_driver_config": [],
                "gcs_fuse_csi_driver_config": [],
                "gke_backup_agent_config": [],
                "horizontal_pod_autoscaling": [],
                "http_load_balancing": [],
                "network_policy_config": [
                  {
                    "disabled": true
                  }
                ]
              }
            ],
            "allow_net_admin": null,
            "authenticator_groups_config": [],
            "binary_authorization": [
              {
                "enabled": false,
                "evaluation_mode": ""
              }
            ],
            "cluster_autoscaling": [
              {
                "auto_provisioning_defaults": [],
                "enabled": false,
                "resource_limits": []
              }
            ],
            "cluster_ipv4_cidr": "10.104.0.0/14",
            "confidential_nodes": [],
            "cost_management_config": [],
            "database_encryption": [
              {
                "key_name": "",
                "state": "DECRYPTED"
              }
            ],
            "datapath_provider": "",
            "default_max_pods_per_node": null,
            "default_snat_status": [
              {
                "disabled": false
              }
            ],
            "description": "",
            "dns_config": [],
            "enable_autopilot": false,
            "enable_binary_authorization": false,
            "enable_intranode_visibility": false,
            "enable_k8s_beta_apis": [],
            "enable_kubernetes_alpha": false,
            "enable_l4_ilb_subsetting": false,
            "enable_legacy_abac": false,
            "enable_shielded_nodes": true,
            "enable_tpu": false,
            "endpoint": "34.147.66.200",
            "gateway_api_config": [],
            "id": "projects/mlopsllm/locations/europe-west4-a/clusters/mlopsllm-gke",
            "initial_node_count": 1,
            "ip_allocation_policy": [],
            "label_fingerprint": "a9dc16a7",
            "location": "europe-west4-a",
            "logging_config": [
              {
                "enable_components": [
                  "SYSTEM_COMPONENTS",
                  "WORKLOADS"
                ]
              }
            ],
            "logging_service": "logging.googleapis.com/kubernetes",
            "maintenance_policy": [],
            "master_auth": [
              {
                "client_certificate": "",
                "client_certificate_config": [
                  {
                    "issue_client_certificate": false
                  }
                ],
                "client_key": "",
                "cluster_ca_certificate": "LS0tLS1CRUdJTiBDRVJUSUZJQ0FURS0tLS0tCk1JSUVMVENDQXBXZ0F3SUJBZ0lSQU96WFVVZEUwRDJoVjRXa2lYMkZ6bVl3RFFZSktvWklodmNOQVFFTEJRQXcKTHpFdE1Dc0dBMVVFQXhNa05qSmtNakl5T1dJdFkyWXhOaTAwWVRZM0xUZzRNRGt0TVdWak1qSmlZV0UzTXprdwpNQ0FYRFRJME1EZ3hNVEV3TkRNek9Wb1lEekl3TlRRd09EQTBNVEUwTXpNNVdqQXZNUzB3S3dZRFZRUURFeVEyCk1tUXlNakk1WWkxalpqRTJMVFJoTmpjdE9EZ3dPUzB4WldNeU1tSmhZVGN6T1RBd2dnR2lNQTBHQ1NxR1NJYjMKRFFFQkFRVUFBNElCandBd2dnR0tBb0lCZ1FEcTRSUWZmQ0lGTFVydmxzV2MxbnpzeHlVRG1ZZHJqVGpKSnptVworNTNWdFFDaUxGTmNvcTNsUENCMkpiQlRlR1MzM2dzM1ZNNjdrNEFlbFFVanVncUk4YkdOQjQ0U29TYlpnZ1JvCmtGL0NsSTdUTjFMejlEM25tUU8yK2JTZlBtTXRqd2FPMlZwQWtQZmZsY1R0b1NVTVpWQ2ZURU1jTXhvRE5SQkMKbXJWUy9seWE2YmZXMmpVWVlSL0JuN01SNnlVQnUrUk5DZEhwSmtXMndMYjBDZERMTnRCbm03cCs5UzdpeUdDcQo5OUZRTVlsLzBCQzdwa1BvR2syZTdJeUtqRkRtL2JFU1JwcjdiYVRUQUpSWDFNSlNhdXN4T0JhbEJlUjJHMGpnCnpRZzBUUGtuUkFIV0xUT0UxcTgrUDR3N0xvL2dyREhTeFRXc3VNdUdxckpjQk1Vb0VheTZuVGlZRHVkRENQSzAKQVJvcDVDVGhaS041d3c3Sm9oU1R1SGR2eVZQYXlNVzZydzI3TURyU2VQOWcrVDgwUmxhNFBqQWFPQXlDZVZ2QwpWUlhMZGVqRlVEMTlUaDdtQWx5blJEZjJYT0VuMG11QWwxcW5FOUxxUlFpTGpsNUpucWd3bVc2cllTTUVPeVhFClQzWFJ4MTNDVUJuRXNlOWcrQVBwTzRxVWl0OENBd0VBQWFOQ01FQXdEZ1lEVlIwUEFRSC9CQVFEQWdJRU1BOEcKQTFVZEV3RUIvd1FGTUFNQkFmOHdIUVlEVlIwT0JCWUVGRHRjNUJjTUlaaldlRVFNc21LY2psank1OWptTUEwRwpDU3FHU0liM0RRRUJDd1VBQTRJQmdRQWt5VG10bVF2ZmJJemhTaUp4OXpMSGlRWHpHVGNuVjhJcFFWRXdhd09rCnVrakJSWElnZXpuOEI3SHJTZWxHbjRvOXJPR3FUZHdOdXhERlhVbE1qUjVXTEJXMWdtZlc2N2t4NmhDRWZ6RDkKQVhRWTBMVjZ4YURhVGw3QysreDhpUEUyYkhlQjdpZHNWd3dtc3BZL3N2bEZRWENpZTY2UHprQ2g5eXBLVXpmOAo0MitIUGZ6Q3lxd2kvdjI4RnhtUi9CSW5HYTFIM1B4eVg3Q1psVlJyczBlR1dLSzlnVFhVRjZLTEFYK2hXNXNaCmYyVk9HVXV4cnE3TE51bVBxdGxzVFppcE9WWmpmSkFKcWEvZ2NnY0JjSGNRMzVUdG9GY2M5eUxYUHdJRVduREQKUytlRG5tZFgybmhFaWxTUUhGdytjQ2kyTExyeGdTT05nZGtFWEd6UlFBNlpoOXhuTU5nZ3ZFc0VyOFNSRERMeQorMmxJckg0YWlqeUt0ZWxmRXZWV2JyeFdTeFBEVTFySVRENnZSMTVuUlY0TTZoa0lQT0pILzdKQk83bzI0NkhYCktITGhVbnkreitaU2JnaitOR0haTmRCMk10bHROS2xCcFNWMVNyQ1l2TDZtK2U2WHMyUjlvaTJCZ3UyTWtmQUkKaityaVlBYldBRTd0dTBDR2p0T3RUVDQ9Ci0tLS0tRU5EIENFUlRJRklDQVRFLS0tLS0K"
              }
            ],
            "master_authorized_networks_config": [],
            "master_version": "1.29.6-gke.1254000",
            "mesh_certificates": [],
            "min_master_version": null,
            "monitoring_config": [
              {
                "advanced_datapath_observability_config": [
                  {
                    "enable_metrics": false,
                    "relay_mode": ""
                  }
                ],
                "enable_components": [
                  "SYSTEM_COMPONENTS",
                  "STATEFULSET",
                  "STORAGE",
                  "HPA",
                  "POD",
                  "DAEMONSET",
                  "DEPLOYMENT",
                  "CADVISOR",
                  "KUBELET"
                ],
                "managed_prometheus": [
                  {
                    "enabled": true
                  }
                ]
              }
            ],
            "monitoring_service": "monitoring.googleapis.com/kubernetes",
            "name": "mlopsllm-gke",
            "network": "projects/mlopsllm/global/networks/default",
            "network_policy": [
              {
                "enabled": false,
                "provider": "PROVIDER_UNSPECIFIED"
              }
            ],
            "networking_mode": "ROUTES",
            "node_config": [],
            "node_locations": [],
            "node_pool": [],
            "node_pool_defaults": [
              {
                "node_config_defaults": [
                  {
                    "logging_variant": "DEFAULT"
                  }
                ]
              }
            ],
            "node_version": "1.29.6-gke.1254000",
            "notification_config": [
              {
                "pubsub": [
                  {
                    "enabled": false,
                    "filter": [],
                    "topic": ""
                  }
                ]
              }
            ],
            "operation": null,
            "private_cluster_config": [
              {
                "enable_private_endpoint": false,
                "enable_private_nodes": false,
                "master_global_access_config": [
                  {
                    "enabled": false
                  }
                ],
                "master_ipv4_cidr_block": "",
                "peering_name": "",
                "private_endpoint": "10.164.0.2",
                "private_endpoint_subnetwork": "",
                "public_endpoint": "34.147.66.200"
              }
            ],
            "private_ipv6_google_access": "",
            "project": "mlopsllm",
            "release_channel": [
              {
                "channel": "REGULAR"
              }
            ],
            "remove_default_node_pool": true,
            "resource_labels": null,
            "resource_usage_export_config": [],
            "security_posture_config": [
              {
                "mode": "BASIC",
                "vulnerability_mode": "VULNERABILITY_MODE_UNSPECIFIED"
              }
            ],
            "self_link": "https://container.googleapis.com/v1/projects/mlopsllm/zones/europe-west4-a/clusters/mlopsllm-gke",
            "service_external_ips_config": [
              {
                "enabled": false
              }
            ],
            "services_ipv4_cidr": "10.107.240.0/20",
            "subnetwork": "projects/mlopsllm/regions/europe-west4/subnetworks/default",
            "timeouts": null,
            "tpu_ipv4_cidr_block": "",
            "vertical_pod_autoscaling": [],
            "workload_identity_config": []
          },
          "sensitive_attributes": [],
          "private": "eyJlMmJmYjczMC1lY2FhLTExZTYtOGY4OC0zNDM2M2JjN2M0YzAiOnsiY3JlYXRlIjoyNDAwMDAwMDAwMDAwLCJkZWxldGUiOjI0MDAwMDAwMDAwMDAsInJlYWQiOjI0MDAwMDAwMDAwMDAsInVwZGF0ZSI6MzYwMDAwMDAwMDAwMH0sInNjaGVtYV92ZXJzaW9uIjoiMSJ9"
        }
      ]
    },
    {
      "mode": "managed",
      "type": "google_container_node_pool",
      "name": "primary_preemptible_nodes",
      "provider": "provider[\"registry.terraform.io/hashicorp/google\"]",
      "instances": [
        {
          "schema_version": 1,
          "attributes": {
            "autoscaling": [],
            "cluster": "mlopsllm-gke",
            "id": "projects/mlopsllm/locations/europe-west4-a/clusters/mlopsllm-gke/nodePools/node-pool",
            "initial_node_count": 1,
            "instance_group_urls": [
              "https://www.googleapis.com/compute/v1/projects/mlopsllm/zones/europe-west4-a/instanceGroupManagers/gke-mlopsllm-gke-node-pool-163be499-grp"
            ],
            "location": "europe-west4-a",
            "managed_instance_group_urls": [
              "https://www.googleapis.com/compute/v1/projects/mlopsllm/zones/europe-west4-a/instanceGroups/gke-mlopsllm-gke-node-pool-163be499-grp"
            ],
            "management": [
              {
                "auto_repair": true,
                "auto_upgrade": true
              }
            ],
            "max_pods_per_node": null,
            "name": "node-pool",
            "name_prefix": "",
            "network_config": [],
            "node_config": [
              {
                "advanced_machine_features": [],
                "boot_disk_kms_key": "",
                "disk_size_gb": 100,
                "disk_type": "pd-balanced",
                "ephemeral_storage_local_ssd_config": [],
                "gcfs_config": [],
                "guest_accelerator": [],
                "gvnic": [],
                "host_maintenance_policy": [],
                "image_type": "COS_CONTAINERD",
                "kubelet_config": [],
                "labels": {},
                "linux_node_config": [],
                "local_nvme_ssd_block_config": [],
                "local_ssd_count": 0,
                "logging_variant": "DEFAULT",
                "machine_type": "e2-standard-4",
                "metadata": {
                  "disable-legacy-endpoints": "true"
                },
                "min_cpu_platform": "",
                "node_group": "",
                "oauth_scopes": [
                  "https://www.googleapis.com/auth/devstorage.read_only",
                  "https://www.googleapis.com/auth/logging.write",
                  "https://www.googleapis.com/auth/monitoring",
                  "https://www.googleapis.com/auth/service.management.readonly",
                  "https://www.googleapis.com/auth/servicecontrol",
                  "https://www.googleapis.com/auth/trace.append"
                ],
                "preemptible": true,
                "reservation_affinity": [],
                "resource_labels": null,
                "service_account": "default",
                "shielded_instance_config": [
                  {
                    "enable_integrity_monitoring": true,
                    "enable_secure_boot": false
                  }
                ],
                "sole_tenant_config": [],
                "spot": false,
                "tags": null,
                "taint": [],
                "workload_metadata_config": []
              }
            ],
            "node_count": 1,
            "node_locations": [
              "europe-west4-a"
            ],
            "operation": null,
            "placement_policy": [],
            "project": "mlopsllm",
            "timeouts": null,
            "upgrade_settings": [
              {
                "blue_green_settings": [],
                "max_surge": 1,
                "max_unavailable": 0,
                "strategy": "SURGE"
              }
            ],
            "version": "1.29.6-gke.1254000"
          },
          "sensitive_attributes": [],
          "private": "eyJlMmJmYjczMC1lY2FhLTExZTYtOGY4OC0zNDM2M2JjN2M0YzAiOnsiY3JlYXRlIjoxODAwMDAwMDAwMDAwLCJkZWxldGUiOjE4MDAwMDAwMDAwMDAsInVwZGF0ZSI6MTgwMDAwMDAwMDAwMH0sInNjaGVtYV92ZXJzaW9uIjoiMSJ9",
          "dependencies": [
            "google_container_cluster.primary"
          ]
        }
      ]
    }
  ],
  "check_results": null
}
